// !$*UTF8*$!
{
	archiveVersion = 1;
	classes = {
	};
	objectVersion = 50;
	objects = {

/* Begin PBXBuildFile section */
		1341842820BBB8CAD7EC7AF1 /* Pods_KCBannerDemo.framework in Frameworks */ = {isa = PBXBuildFile; fileRef = 4D5D0E857408549696C4B3F4 /* Pods_KCBannerDemo.framework */; };
		938ABF61AB0D95F42B716056 /* Pods_KCBannerDemoTests.framework in Frameworks */ = {isa = PBXBuildFile; fileRef = D6F45DBB4B4079F466452386 /* Pods_KCBannerDemoTests.framework */; };
		AE1072DE27031EC10083C4F1 /* AppDelegate.swift in Sources */ = {isa = PBXBuildFile; fileRef = AE1072DD27031EC10083C4F1 /* AppDelegate.swift */; };
		AE1072E027031EC10083C4F1 /* SceneDelegate.swift in Sources */ = {isa = PBXBuildFile; fileRef = AE1072DF27031EC10083C4F1 /* SceneDelegate.swift */; };
		AE1072E227031EC10083C4F1 /* ViewController.swift in Sources */ = {isa = PBXBuildFile; fileRef = AE1072E127031EC10083C4F1 /* ViewController.swift */; };
		AE1072E527031EC10083C4F1 /* Main.storyboard in Resources */ = {isa = PBXBuildFile; fileRef = AE1072E327031EC10083C4F1 /* Main.storyboard */; };
		AE1072E727031EC50083C4F1 /* Assets.xcassets in Resources */ = {isa = PBXBuildFile; fileRef = AE1072E627031EC50083C4F1 /* Assets.xcassets */; };
		AE1072EA27031EC50083C4F1 /* LaunchScreen.storyboard in Resources */ = {isa = PBXBuildFile; fileRef = AE1072E827031EC50083C4F1 /* LaunchScreen.storyboard */; };
		AE1072F527031EC60083C4F1 /* KCBannerDemoTests.swift in Sources */ = {isa = PBXBuildFile; fileRef = AE1072F427031EC60083C4F1 /* KCBannerDemoTests.swift */; };
		AE10730027031EC60083C4F1 /* KCBannerDemoUITests.swift in Sources */ = {isa = PBXBuildFile; fileRef = AE1072FF27031EC60083C4F1 /* KCBannerDemoUITests.swift */; };
		AE10731127031F090083C4F1 /* KCBannerView.swift in Sources */ = {isa = PBXBuildFile; fileRef = AE10731027031F090083C4F1 /* KCBannerView.swift */; };
		AE10731627031F470083C4F1 /* Timer+Extension.swift in Sources */ = {isa = PBXBuildFile; fileRef = AE10731527031F470083C4F1 /* Timer+Extension.swift */; };
		AE10731B2703204C0083C4F1 /* KCScaleBannerFlowLayout.swift in Sources */ = {isa = PBXBuildFile; fileRef = AE10731A2703204C0083C4F1 /* KCScaleBannerFlowLayout.swift */; };
		AE107323270325C70083C4F1 /* KCScrollContainerView.swift in Sources */ = {isa = PBXBuildFile; fileRef = AE107322270325C70083C4F1 /* KCScrollContainerView.swift */; };
		E2422FE9F2C7A3F3A5F88D63 /* Pods_KCBannerDemo_KCBannerDemoUITests.framework in Frameworks */ = {isa = PBXBuildFile; fileRef = 964028DB3054A4FB0BA84071 /* Pods_KCBannerDemo_KCBannerDemoUITests.framework */; };
/* End PBXBuildFile section */

/* Begin PBXContainerItemProxy section */
		AE1072F127031EC60083C4F1 /* PBXContainerItemProxy */ = {
			isa = PBXContainerItemProxy;
			containerPortal = AE1072D227031EC00083C4F1 /* Project object */;
			proxyType = 1;
			remoteGlobalIDString = AE1072D927031EC00083C4F1;
			remoteInfo = KCBannerDemo;
		};
		AE1072FC27031EC60083C4F1 /* PBXContainerItemProxy */ = {
			isa = PBXContainerItemProxy;
			containerPortal = AE1072D227031EC00083C4F1 /* Project object */;
			proxyType = 1;
			remoteGlobalIDString = AE1072D927031EC00083C4F1;
			remoteInfo = KCBannerDemo;
		};
/* End PBXContainerItemProxy section */

/* Begin PBXFileReference section */
		0ACBF2328D1B9902A2CCAE7E /* Pods-KCBannerDemo.debug.xcconfig */ = {isa = PBXFileReference; includeInIndex = 1; lastKnownFileType = text.xcconfig; name = "Pods-KCBannerDemo.debug.xcconfig"; path = "Target Support Files/Pods-KCBannerDemo/Pods-KCBannerDemo.debug.xcconfig"; sourceTree = "<group>"; };
		3B1F6B33A158329AE7176C17 /* Pods-KCBannerDemoTests.debug.xcconfig */ = {isa = PBXFileReference; includeInIndex = 1; lastKnownFileType = text.xcconfig; name = "Pods-KCBannerDemoTests.debug.xcconfig"; path = "Target Support Files/Pods-KCBannerDemoTests/Pods-KCBannerDemoTests.debug.xcconfig"; sourceTree = "<group>"; };
		4D5D0E857408549696C4B3F4 /* Pods_KCBannerDemo.framework */ = {isa = PBXFileReference; explicitFileType = wrapper.framework; includeInIndex = 0; path = Pods_KCBannerDemo.framework; sourceTree = BUILT_PRODUCTS_DIR; };
		4F7C532B0EB507E2B7FA9EF3 /* Pods-KCBannerDemo.release.xcconfig */ = {isa = PBXFileReference; includeInIndex = 1; lastKnownFileType = text.xcconfig; name = "Pods-KCBannerDemo.release.xcconfig"; path = "Target Support Files/Pods-KCBannerDemo/Pods-KCBannerDemo.release.xcconfig"; sourceTree = "<group>"; };
		669AB41A9C1DA09C53C5C3E3 /* Pods-KCBannerDemoTests.release.xcconfig */ = {isa = PBXFileReference; includeInIndex = 1; lastKnownFileType = text.xcconfig; name = "Pods-KCBannerDemoTests.release.xcconfig"; path = "Target Support Files/Pods-KCBannerDemoTests/Pods-KCBannerDemoTests.release.xcconfig"; sourceTree = "<group>"; };
		964028DB3054A4FB0BA84071 /* Pods_KCBannerDemo_KCBannerDemoUITests.framework */ = {isa = PBXFileReference; explicitFileType = wrapper.framework; includeInIndex = 0; path = Pods_KCBannerDemo_KCBannerDemoUITests.framework; sourceTree = BUILT_PRODUCTS_DIR; };
		AE1072DA27031EC00083C4F1 /* KCBannerDemo.app */ = {isa = PBXFileReference; explicitFileType = wrapper.application; includeInIndex = 0; path = KCBannerDemo.app; sourceTree = BUILT_PRODUCTS_DIR; };
		AE1072DD27031EC10083C4F1 /* AppDelegate.swift */ = {isa = PBXFileReference; lastKnownFileType = sourcecode.swift; path = AppDelegate.swift; sourceTree = "<group>"; };
		AE1072DF27031EC10083C4F1 /* SceneDelegate.swift */ = {isa = PBXFileReference; lastKnownFileType = sourcecode.swift; path = SceneDelegate.swift; sourceTree = "<group>"; };
		AE1072E127031EC10083C4F1 /* ViewController.swift */ = {isa = PBXFileReference; lastKnownFileType = sourcecode.swift; path = ViewController.swift; sourceTree = "<group>"; };
		AE1072E427031EC10083C4F1 /* Base */ = {isa = PBXFileReference; lastKnownFileType = file.storyboard; name = Base; path = Base.lproj/Main.storyboard; sourceTree = "<group>"; };
		AE1072E627031EC50083C4F1 /* Assets.xcassets */ = {isa = PBXFileReference; lastKnownFileType = folder.assetcatalog; path = Assets.xcassets; sourceTree = "<group>"; };
		AE1072E927031EC50083C4F1 /* Base */ = {isa = PBXFileReference; lastKnownFileType = file.storyboard; name = Base; path = Base.lproj/LaunchScreen.storyboard; sourceTree = "<group>"; };
		AE1072EB27031EC50083C4F1 /* Info.plist */ = {isa = PBXFileReference; lastKnownFileType = text.plist.xml; path = Info.plist; sourceTree = "<group>"; };
		AE1072F027031EC50083C4F1 /* KCBannerDemoTests.xctest */ = {isa = PBXFileReference; explicitFileType = wrapper.cfbundle; includeInIndex = 0; path = KCBannerDemoTests.xctest; sourceTree = BUILT_PRODUCTS_DIR; };
		AE1072F427031EC60083C4F1 /* KCBannerDemoTests.swift */ = {isa = PBXFileReference; lastKnownFileType = sourcecode.swift; path = KCBannerDemoTests.swift; sourceTree = "<group>"; };
		AE1072F627031EC60083C4F1 /* Info.plist */ = {isa = PBXFileReference; lastKnownFileType = text.plist.xml; path = Info.plist; sourceTree = "<group>"; };
		AE1072FB27031EC60083C4F1 /* KCBannerDemoUITests.xctest */ = {isa = PBXFileReference; explicitFileType = wrapper.cfbundle; includeInIndex = 0; path = KCBannerDemoUITests.xctest; sourceTree = BUILT_PRODUCTS_DIR; };
		AE1072FF27031EC60083C4F1 /* KCBannerDemoUITests.swift */ = {isa = PBXFileReference; lastKnownFileType = sourcecode.swift; path = KCBannerDemoUITests.swift; sourceTree = "<group>"; };
		AE10730127031EC60083C4F1 /* Info.plist */ = {isa = PBXFileReference; lastKnownFileType = text.plist.xml; path = Info.plist; sourceTree = "<group>"; };
		AE10731027031F090083C4F1 /* KCBannerView.swift */ = {isa = PBXFileReference; lastKnownFileType = sourcecode.swift; path = KCBannerView.swift; sourceTree = "<group>"; };
		AE10731527031F470083C4F1 /* Timer+Extension.swift */ = {isa = PBXFileReference; lastKnownFileType = sourcecode.swift; path = "Timer+Extension.swift"; sourceTree = "<group>"; };
		AE10731A2703204C0083C4F1 /* KCScaleBannerFlowLayout.swift */ = {isa = PBXFileReference; lastKnownFileType = sourcecode.swift; path = KCScaleBannerFlowLayout.swift; sourceTree = "<group>"; };
		AE107322270325C70083C4F1 /* KCScrollContainerView.swift */ = {isa = PBXFileReference; lastKnownFileType = sourcecode.swift; path = KCScrollContainerView.swift; sourceTree = "<group>"; };
		CFEA9BA46B6DD900638417F1 /* Pods-KCBannerDemo-KCBannerDemoUITests.debug.xcconfig */ = {isa = PBXFileReference; includeInIndex = 1; lastKnownFileType = text.xcconfig; name = "Pods-KCBannerDemo-KCBannerDemoUITests.debug.xcconfig"; path = "Target Support Files/Pods-KCBannerDemo-KCBannerDemoUITests/Pods-KCBannerDemo-KCBannerDemoUITests.debug.xcconfig"; sourceTree = "<group>"; };
		D6F45DBB4B4079F466452386 /* Pods_KCBannerDemoTests.framework */ = {isa = PBXFileReference; explicitFileType = wrapper.framework; includeInIndex = 0; path = Pods_KCBannerDemoTests.framework; sourceTree = BUILT_PRODUCTS_DIR; };
		DEC6BB858D94A6E816E2862B /* Pods-KCBannerDemo-KCBannerDemoUITests.release.xcconfig */ = {isa = PBXFileReference; includeInIndex = 1; lastKnownFileType = text.xcconfig; name = "Pods-KCBannerDemo-KCBannerDemoUITests.release.xcconfig"; path = "Target Support Files/Pods-KCBannerDemo-KCBannerDemoUITests/Pods-KCBannerDemo-KCBannerDemoUITests.release.xcconfig"; sourceTree = "<group>"; };
/* End PBXFileReference section */

/* Begin PBXFrameworksBuildPhase section */
		AE1072D727031EC00083C4F1 /* Frameworks */ = {
			isa = PBXFrameworksBuildPhase;
			buildActionMask = 2147483647;
			files = (
				1341842820BBB8CAD7EC7AF1 /* Pods_KCBannerDemo.framework in Frameworks */,
			);
			runOnlyForDeploymentPostprocessing = 0;
		};
		AE1072ED27031EC50083C4F1 /* Frameworks */ = {
			isa = PBXFrameworksBuildPhase;
			buildActionMask = 2147483647;
			files = (
				938ABF61AB0D95F42B716056 /* Pods_KCBannerDemoTests.framework in Frameworks */,
			);
			runOnlyForDeploymentPostprocessing = 0;
		};
		AE1072F827031EC60083C4F1 /* Frameworks */ = {
			isa = PBXFrameworksBuildPhase;
			buildActionMask = 2147483647;
			files = (
				E2422FE9F2C7A3F3A5F88D63 /* Pods_KCBannerDemo_KCBannerDemoUITests.framework in Frameworks */,
			);
			runOnlyForDeploymentPostprocessing = 0;
		};
/* End PBXFrameworksBuildPhase section */

/* Begin PBXGroup section */
		14727808224A79339D8C16E8 /* Pods */ = {
			isa = PBXGroup;
			children = (
				0ACBF2328D1B9902A2CCAE7E /* Pods-KCBannerDemo.debug.xcconfig */,
				4F7C532B0EB507E2B7FA9EF3 /* Pods-KCBannerDemo.release.xcconfig */,
				CFEA9BA46B6DD900638417F1 /* Pods-KCBannerDemo-KCBannerDemoUITests.debug.xcconfig */,
				DEC6BB858D94A6E816E2862B /* Pods-KCBannerDemo-KCBannerDemoUITests.release.xcconfig */,
				3B1F6B33A158329AE7176C17 /* Pods-KCBannerDemoTests.debug.xcconfig */,
				669AB41A9C1DA09C53C5C3E3 /* Pods-KCBannerDemoTests.release.xcconfig */,
			);
			name = Pods;
			path = Pods;
			sourceTree = "<group>";
		};
		1EFC36494723E6186C387E77 /* Frameworks */ = {
			isa = PBXGroup;
			children = (
				4D5D0E857408549696C4B3F4 /* Pods_KCBannerDemo.framework */,
				964028DB3054A4FB0BA84071 /* Pods_KCBannerDemo_KCBannerDemoUITests.framework */,
				D6F45DBB4B4079F466452386 /* Pods_KCBannerDemoTests.framework */,
			);
			name = Frameworks;
			sourceTree = "<group>";
		};
		AE1072D127031EC00083C4F1 = {
			isa = PBXGroup;
			children = (
				AE1072DC27031EC10083C4F1 /* KCBannerDemo */,
				AE1072F327031EC60083C4F1 /* KCBannerDemoTests */,
				AE1072FE27031EC60083C4F1 /* KCBannerDemoUITests */,
				AE1072DB27031EC00083C4F1 /* Products */,
				14727808224A79339D8C16E8 /* Pods */,
				1EFC36494723E6186C387E77 /* Frameworks */,
			);
			sourceTree = "<group>";
		};
		AE1072DB27031EC00083C4F1 /* Products */ = {
			isa = PBXGroup;
			children = (
				AE1072DA27031EC00083C4F1 /* KCBannerDemo.app */,
				AE1072F027031EC50083C4F1 /* KCBannerDemoTests.xctest */,
				AE1072FB27031EC60083C4F1 /* KCBannerDemoUITests.xctest */,
			);
			name = Products;
			sourceTree = "<group>";
		};
		AE1072DC27031EC10083C4F1 /* KCBannerDemo */ = {
			isa = PBXGroup;
			children = (
				AE1072DD27031EC10083C4F1 /* AppDelegate.swift */,
				AE1072DF27031EC10083C4F1 /* SceneDelegate.swift */,
				AE1072E127031EC10083C4F1 /* ViewController.swift */,
				AE10731027031F090083C4F1 /* KCBannerView.swift */,
				AE107322270325C70083C4F1 /* KCScrollContainerView.swift */,
				AE10731527031F470083C4F1 /* Timer+Extension.swift */,
				AE10731A2703204C0083C4F1 /* KCScaleBannerFlowLayout.swift */,
				AE1072E327031EC10083C4F1 /* Main.storyboard */,
				AE1072E627031EC50083C4F1 /* Assets.xcassets */,
				AE1072E827031EC50083C4F1 /* LaunchScreen.storyboard */,
				AE1072EB27031EC50083C4F1 /* Info.plist */,
			);
			path = KCBannerDemo;
			sourceTree = "<group>";
		};
		AE1072F327031EC60083C4F1 /* KCBannerDemoTests */ = {
			isa = PBXGroup;
			children = (
				AE1072F427031EC60083C4F1 /* KCBannerDemoTests.swift */,
				AE1072F627031EC60083C4F1 /* Info.plist */,
			);
			path = KCBannerDemoTests;
			sourceTree = "<group>";
		};
		AE1072FE27031EC60083C4F1 /* KCBannerDemoUITests */ = {
			isa = PBXGroup;
			children = (
				AE1072FF27031EC60083C4F1 /* KCBannerDemoUITests.swift */,
				AE10730127031EC60083C4F1 /* Info.plist */,
			);
			path = KCBannerDemoUITests;
			sourceTree = "<group>";
		};
/* End PBXGroup section */

/* Begin PBXNativeTarget section */
		AE1072D927031EC00083C4F1 /* KCBannerDemo */ = {
			isa = PBXNativeTarget;
			buildConfigurationList = AE10730427031EC60083C4F1 /* Build configuration list for PBXNativeTarget "KCBannerDemo" */;
			buildPhases = (
				A4C7C5F994D363F2EDC58FFD /* [CP] Check Pods Manifest.lock */,
				AE1072D627031EC00083C4F1 /* Sources */,
				AE1072D727031EC00083C4F1 /* Frameworks */,
				AE1072D827031EC00083C4F1 /* Resources */,
				4461F4D039FD4A175DE4AE94 /* [CP] Embed Pods Frameworks */,
			);
			buildRules = (
			);
			dependencies = (
			);
			name = KCBannerDemo;
			productName = KCBannerDemo;
			productReference = AE1072DA27031EC00083C4F1 /* KCBannerDemo.app */;
			productType = "com.apple.product-type.application";
		};
		AE1072EF27031EC50083C4F1 /* KCBannerDemoTests */ = {
			isa = PBXNativeTarget;
			buildConfigurationList = AE10730727031EC60083C4F1 /* Build configuration list for PBXNativeTarget "KCBannerDemoTests" */;
			buildPhases = (
				77CD7E0E180F22EF7F123E97 /* [CP] Check Pods Manifest.lock */,
				AE1072EC27031EC50083C4F1 /* Sources */,
				AE1072ED27031EC50083C4F1 /* Frameworks */,
				AE1072EE27031EC50083C4F1 /* Resources */,
			);
			buildRules = (
			);
			dependencies = (
				AE1072F227031EC60083C4F1 /* PBXTargetDependency */,
			);
			name = KCBannerDemoTests;
			productName = KCBannerDemoTests;
			productReference = AE1072F027031EC50083C4F1 /* KCBannerDemoTests.xctest */;
			productType = "com.apple.product-type.bundle.unit-test";
		};
		AE1072FA27031EC60083C4F1 /* KCBannerDemoUITests */ = {
			isa = PBXNativeTarget;
			buildConfigurationList = AE10730A27031EC60083C4F1 /* Build configuration list for PBXNativeTarget "KCBannerDemoUITests" */;
			buildPhases = (
				5D5858F27624D2A0C989CEE0 /* [CP] Check Pods Manifest.lock */,
				AE1072F727031EC60083C4F1 /* Sources */,
				AE1072F827031EC60083C4F1 /* Frameworks */,
				AE1072F927031EC60083C4F1 /* Resources */,
				D54950B4F5A96EDF76E59B95 /* [CP] Embed Pods Frameworks */,
			);
			buildRules = (
			);
			dependencies = (
				AE1072FD27031EC60083C4F1 /* PBXTargetDependency */,
			);
			name = KCBannerDemoUITests;
			productName = KCBannerDemoUITests;
			productReference = AE1072FB27031EC60083C4F1 /* KCBannerDemoUITests.xctest */;
			productType = "com.apple.product-type.bundle.ui-testing";
		};
/* End PBXNativeTarget section */

/* Begin PBXProject section */
		AE1072D227031EC00083C4F1 /* Project object */ = {
			isa = PBXProject;
			attributes = {
				LastSwiftUpdateCheck = 1240;
				LastUpgradeCheck = 1240;
				TargetAttributes = {
					AE1072D927031EC00083C4F1 = {
						CreatedOnToolsVersion = 12.4;
					};
					AE1072EF27031EC50083C4F1 = {
						CreatedOnToolsVersion = 12.4;
						TestTargetID = AE1072D927031EC00083C4F1;
					};
					AE1072FA27031EC60083C4F1 = {
						CreatedOnToolsVersion = 12.4;
						TestTargetID = AE1072D927031EC00083C4F1;
					};
				};
			};
			buildConfigurationList = AE1072D527031EC00083C4F1 /* Build configuration list for PBXProject "KCBannerDemo" */;
			compatibilityVersion = "Xcode 9.3";
			developmentRegion = en;
			hasScannedForEncodings = 0;
			knownRegions = (
				en,
				Base,
			);
			mainGroup = AE1072D127031EC00083C4F1;
			productRefGroup = AE1072DB27031EC00083C4F1 /* Products */;
			projectDirPath = "";
			projectRoot = "";
			targets = (
				AE1072D927031EC00083C4F1 /* KCBannerDemo */,
				AE1072EF27031EC50083C4F1 /* KCBannerDemoTests */,
				AE1072FA27031EC60083C4F1 /* KCBannerDemoUITests */,
			);
		};
/* End PBXProject section */

/* Begin PBXResourcesBuildPhase section */
		AE1072D827031EC00083C4F1 /* Resources */ = {
			isa = PBXResourcesBuildPhase;
			buildActionMask = 2147483647;
			files = (
				AE1072EA27031EC50083C4F1 /* LaunchScreen.storyboard in Resources */,
				AE1072E727031EC50083C4F1 /* Assets.xcassets in Resources */,
				AE1072E527031EC10083C4F1 /* Main.storyboard in Resources */,
			);
			runOnlyForDeploymentPostprocessing = 0;
		};
		AE1072EE27031EC50083C4F1 /* Resources */ = {
			isa = PBXResourcesBuildPhase;
			buildActionMask = 2147483647;
			files = (
			);
			runOnlyForDeploymentPostprocessing = 0;
		};
		AE1072F927031EC60083C4F1 /* Resources */ = {
			isa = PBXResourcesBuildPhase;
			buildActionMask = 2147483647;
			files = (
			);
			runOnlyForDeploymentPostprocessing = 0;
		};
/* End PBXResourcesBuildPhase section */

/* Begin PBXShellScriptBuildPhase section */
		4461F4D039FD4A175DE4AE94 /* [CP] Embed Pods Frameworks */ = {
			isa = PBXShellScriptBuildPhase;
			buildActionMask = 2147483647;
			files = (
			);
			inputFileListPaths = (
				"${PODS_ROOT}/Target Support Files/Pods-KCBannerDemo/Pods-KCBannerDemo-frameworks-${CONFIGURATION}-input-files.xcfilelist",
			);
			name = "[CP] Embed Pods Frameworks";
			outputFileListPaths = (
				"${PODS_ROOT}/Target Support Files/Pods-KCBannerDemo/Pods-KCBannerDemo-frameworks-${CONFIGURATION}-output-files.xcfilelist",
			);
			runOnlyForDeploymentPostprocessing = 0;
			shellPath = /bin/sh;
			shellScript = "\"${PODS_ROOT}/Target Support Files/Pods-KCBannerDemo/Pods-KCBannerDemo-frameworks.sh\"\n";
			showEnvVarsInLog = 0;
		};
		5D5858F27624D2A0C989CEE0 /* [CP] Check Pods Manifest.lock */ = {
			isa = PBXShellScriptBuildPhase;
			buildActionMask = 2147483647;
			files = (
			);
			inputFileListPaths = (
			);
			inputPaths = (
				"${PODS_PODFILE_DIR_PATH}/Podfile.lock",
				"${PODS_ROOT}/Manifest.lock",
			);
			name = "[CP] Check Pods Manifest.lock";
			outputFileListPaths = (
			);
			outputPaths = (
				"$(DERIVED_FILE_DIR)/Pods-KCBannerDemo-KCBannerDemoUITests-checkManifestLockResult.txt",
			);
			runOnlyForDeploymentPostprocessing = 0;
			shellPath = /bin/sh;
			shellScript = "diff \"${PODS_PODFILE_DIR_PATH}/Podfile.lock\" \"${PODS_ROOT}/Manifest.lock\" > /dev/null\nif [ $? != 0 ] ; then\n    # print error to STDERR\n    echo \"error: The sandbox is not in sync with the Podfile.lock. Run 'pod install' or update your CocoaPods installation.\" >&2\n    exit 1\nfi\n# This output is used by Xcode 'outputs' to avoid re-running this script phase.\necho \"SUCCESS\" > \"${SCRIPT_OUTPUT_FILE_0}\"\n";
			showEnvVarsInLog = 0;
		};
		77CD7E0E180F22EF7F123E97 /* [CP] Check Pods Manifest.lock */ = {
			isa = PBXShellScriptBuildPhase;
			buildActionMask = 2147483647;
			files = (
			);
			inputFileListPaths = (
			);
			inputPaths = (
				"${PODS_PODFILE_DIR_PATH}/Podfile.lock",
				"${PODS_ROOT}/Manifest.lock",
			);
			name = "[CP] Check Pods Manifest.lock";
			outputFileListPaths = (
			);
			outputPaths = (
				"$(DERIVED_FILE_DIR)/Pods-KCBannerDemoTests-checkManifestLockResult.txt",
			);
			runOnlyForDeploymentPostprocessing = 0;
			shellPath = /bin/sh;
			shellScript = "diff \"${PODS_PODFILE_DIR_PATH}/Podfile.lock\" \"${PODS_ROOT}/Manifest.lock\" > /dev/null\nif [ $? != 0 ] ; then\n    # print error to STDERR\n    echo \"error: The sandbox is not in sync with the Podfile.lock. Run 'pod install' or update your CocoaPods installation.\" >&2\n    exit 1\nfi\n# This output is used by Xcode 'outputs' to avoid re-running this script phase.\necho \"SUCCESS\" > \"${SCRIPT_OUTPUT_FILE_0}\"\n";
			showEnvVarsInLog = 0;
		};
		A4C7C5F994D363F2EDC58FFD /* [CP] Check Pods Manifest.lock */ = {
			isa = PBXShellScriptBuildPhase;
			buildActionMask = 2147483647;
			files = (
			);
			inputFileListPaths = (
			);
			inputPaths = (
				"${PODS_PODFILE_DIR_PATH}/Podfile.lock",
				"${PODS_ROOT}/Manifest.lock",
			);
			name = "[CP] Check Pods Manifest.lock";
			outputFileListPaths = (
			);
			outputPaths = (
				"$(DERIVED_FILE_DIR)/Pods-KCBannerDemo-checkManifestLockResult.txt",
			);
			runOnlyForDeploymentPostprocessing = 0;
			shellPath = /bin/sh;
			shellScript = "diff \"${PODS_PODFILE_DIR_PATH}/Podfile.lock\" \"${PODS_ROOT}/Manifest.lock\" > /dev/null\nif [ $? != 0 ] ; then\n    # print error to STDERR\n    echo \"error: The sandbox is not in sync with the Podfile.lock. Run 'pod install' or update your CocoaPods installation.\" >&2\n    exit 1\nfi\n# This output is used by Xcode 'outputs' to avoid re-running this script phase.\necho \"SUCCESS\" > \"${SCRIPT_OUTPUT_FILE_0}\"\n";
			showEnvVarsInLog = 0;
		};
		D54950B4F5A96EDF76E59B95 /* [CP] Embed Pods Frameworks */ = {
			isa = PBXShellScriptBuildPhase;
			buildActionMask = 2147483647;
			files = (
			);
			inputFileListPaths = (
				"${PODS_ROOT}/Target Support Files/Pods-KCBannerDemo-KCBannerDemoUITests/Pods-KCBannerDemo-KCBannerDemoUITests-frameworks-${CONFIGURATION}-input-files.xcfilelist",
			);
			name = "[CP] Embed Pods Frameworks";
			outputFileListPaths = (
				"${PODS_ROOT}/Target Support Files/Pods-KCBannerDemo-KCBannerDemoUITests/Pods-KCBannerDemo-KCBannerDemoUITests-frameworks-${CONFIGURATION}-output-files.xcfilelist",
			);
			runOnlyForDeploymentPostprocessing = 0;
			shellPath = /bin/sh;
			shellScript = "\"${PODS_ROOT}/Target Support Files/Pods-KCBannerDemo-KCBannerDemoUITests/Pods-KCBannerDemo-KCBannerDemoUITests-frameworks.sh\"\n";
			showEnvVarsInLog = 0;
		};
/* End PBXShellScriptBuildPhase section */

/* Begin PBXSourcesBuildPhase section */
		AE1072D627031EC00083C4F1 /* Sources */ = {
			isa = PBXSourcesBuildPhase;
			buildActionMask = 2147483647;
			files = (
				AE10731B2703204C0083C4F1 /* KCScaleBannerFlowLayout.swift in Sources */,
				AE10731127031F090083C4F1 /* KCBannerView.swift in Sources */,
				AE107323270325C70083C4F1 /* KCScrollContainerView.swift in Sources */,
				AE1072E227031EC10083C4F1 /* ViewController.swift in Sources */,
				AE10731627031F470083C4F1 /* Timer+Extension.swift in Sources */,
				AE1072DE27031EC10083C4F1 /* AppDelegate.swift in Sources */,
				AE1072E027031EC10083C4F1 /* SceneDelegate.swift in Sources */,
			);
			runOnlyForDeploymentPostprocessing = 0;
		};
		AE1072EC27031EC50083C4F1 /* Sources */ = {
			isa = PBXSourcesBuildPhase;
			buildActionMask = 2147483647;
			files = (
				AE1072F527031EC60083C4F1 /* KCBannerDemoTests.swift in Sources */,
			);
			runOnlyForDeploymentPostprocessing = 0;
		};
		AE1072F727031EC60083C4F1 /* Sources */ = {
			isa = PBXSourcesBuildPhase;
			buildActionMask = 2147483647;
			files = (
				AE10730027031EC60083C4F1 /* KCBannerDemoUITests.swift in Sources */,
			);
			runOnlyForDeploymentPostprocessing = 0;
		};
/* End PBXSourcesBuildPhase section */

/* Begin PBXTargetDependency section */
		AE1072F227031EC60083C4F1 /* PBXTargetDependency */ = {
			isa = PBXTargetDependency;
			target = AE1072D927031EC00083C4F1 /* KCBannerDemo */;
			targetProxy = AE1072F127031EC60083C4F1 /* PBXContainerItemProxy */;
		};
		AE1072FD27031EC60083C4F1 /* PBXTargetDependency */ = {
			isa = PBXTargetDependency;
			target = AE1072D927031EC00083C4F1 /* KCBannerDemo */;
			targetProxy = AE1072FC27031EC60083C4F1 /* PBXContainerItemProxy */;
		};
/* End PBXTargetDependency section */

/* Begin PBXVariantGroup section */
		AE1072E327031EC10083C4F1 /* Main.storyboard */ = {
			isa = PBXVariantGroup;
			children = (
				AE1072E427031EC10083C4F1 /* Base */,
			);
			name = Main.storyboard;
			sourceTree = "<group>";
		};
		AE1072E827031EC50083C4F1 /* LaunchScreen.storyboard */ = {
			isa = PBXVariantGroup;
			children = (
				AE1072E927031EC50083C4F1 /* Base */,
			);
			name = LaunchScreen.storyboard;
			sourceTree = "<group>";
		};
/* End PBXVariantGroup section */

/* Begin XCBuildConfiguration section */
		AE10730227031EC60083C4F1 /* Debug */ = {
			isa = XCBuildConfiguration;
			buildSettings = {
				ALWAYS_SEARCH_USER_PATHS = NO;
				CLANG_ANALYZER_NONNULL = YES;
				CLANG_ANALYZER_NUMBER_OBJECT_CONVERSION = YES_AGGRESSIVE;
				CLANG_CXX_LANGUAGE_STANDARD = "gnu++14";
				CLANG_CXX_LIBRARY = "libc++";
				CLANG_ENABLE_MODULES = YES;
				CLANG_ENABLE_OBJC_ARC = YES;
				CLANG_ENABLE_OBJC_WEAK = YES;
				CLANG_WARN_BLOCK_CAPTURE_AUTORELEASING = YES;
				CLANG_WARN_BOOL_CONVERSION = YES;
				CLANG_WARN_COMMA = YES;
				CLANG_WARN_CONSTANT_CONVERSION = YES;
				CLANG_WARN_DEPRECATED_OBJC_IMPLEMENTATIONS = YES;
				CLANG_WARN_DIRECT_OBJC_ISA_USAGE = YES_ERROR;
				CLANG_WARN_DOCUMENTATION_COMMENTS = YES;
				CLANG_WARN_EMPTY_BODY = YES;
				CLANG_WARN_ENUM_CONVERSION = YES;
				CLANG_WARN_INFINITE_RECURSION = YES;
				CLANG_WARN_INT_CONVERSION = YES;
				CLANG_WARN_NON_LITERAL_NULL_CONVERSION = YES;
				CLANG_WARN_OBJC_IMPLICIT_RETAIN_SELF = YES;
				CLANG_WARN_OBJC_LITERAL_CONVERSION = YES;
				CLANG_WARN_OBJC_ROOT_CLASS = YES_ERROR;
				CLANG_WARN_QUOTED_INCLUDE_IN_FRAMEWORK_HEADER = YES;
				CLANG_WARN_RANGE_LOOP_ANALYSIS = YES;
				CLANG_WARN_STRICT_PROTOTYPES = YES;
				CLANG_WARN_SUSPICIOUS_MOVE = YES;
				CLANG_WARN_UNGUARDED_AVAILABILITY = YES_AGGRESSIVE;
				CLANG_WARN_UNREACHABLE_CODE = YES;
				CLANG_WARN__DUPLICATE_METHOD_MATCH = YES;
				COPY_PHASE_STRIP = NO;
				DEBUG_INFORMATION_FORMAT = dwarf;
				ENABLE_STRICT_OBJC_MSGSEND = YES;
				ENABLE_TESTABILITY = YES;
				GCC_C_LANGUAGE_STANDARD = gnu11;
				GCC_DYNAMIC_NO_PIC = NO;
				GCC_NO_COMMON_BLOCKS = YES;
				GCC_OPTIMIZATION_LEVEL = 0;
				GCC_PREPROCESSOR_DEFINITIONS = (
					"DEBUG=1",
					"$(inherited)",
				);
				GCC_WARN_64_TO_32_BIT_CONVERSION = YES;
				GCC_WARN_ABOUT_RETURN_TYPE = YES_ERROR;
				GCC_WARN_UNDECLARED_SELECTOR = YES;
				GCC_WARN_UNINITIALIZED_AUTOS = YES_AGGRESSIVE;
				GCC_WARN_UNUSED_FUNCTION = YES;
				GCC_WARN_UNUSED_VARIABLE = YES;
				IPHONEOS_DEPLOYMENT_TARGET = 14.4;
				MTL_ENABLE_DEBUG_INFO = INCLUDE_SOURCE;
				MTL_FAST_MATH = YES;
				ONLY_ACTIVE_ARCH = YES;
				SDKROOT = iphoneos;
				SWIFT_ACTIVE_COMPILATION_CONDITIONS = DEBUG;
				SWIFT_OPTIMIZATION_LEVEL = "-Onone";
			};
			name = Debug;
		};
		AE10730327031EC60083C4F1 /* Release */ = {
			isa = XCBuildConfiguration;
			buildSettings = {
				ALWAYS_SEARCH_USER_PATHS = NO;
				CLANG_ANALYZER_NONNULL = YES;
				CLANG_ANALYZER_NUMBER_OBJECT_CONVERSION = YES_AGGRESSIVE;
				CLANG_CXX_LANGUAGE_STANDARD = "gnu++14";
				CLANG_CXX_LIBRARY = "libc++";
				CLANG_ENABLE_MODULES = YES;
				CLANG_ENABLE_OBJC_ARC = YES;
				CLANG_ENABLE_OBJC_WEAK = YES;
				CLANG_WARN_BLOCK_CAPTURE_AUTORELEASING = YES;
				CLANG_WARN_BOOL_CONVERSION = YES;
				CLANG_WARN_COMMA = YES;
				CLANG_WARN_CONSTANT_CONVERSION = YES;
				CLANG_WARN_DEPRECATED_OBJC_IMPLEMENTATIONS = YES;
				CLANG_WARN_DIRECT_OBJC_ISA_USAGE = YES_ERROR;
				CLANG_WARN_DOCUMENTATION_COMMENTS = YES;
				CLANG_WARN_EMPTY_BODY = YES;
				CLANG_WARN_ENUM_CONVERSION = YES;
				CLANG_WARN_INFINITE_RECURSION = YES;
				CLANG_WARN_INT_CONVERSION = YES;
				CLANG_WARN_NON_LITERAL_NULL_CONVERSION = YES;
				CLANG_WARN_OBJC_IMPLICIT_RETAIN_SELF = YES;
				CLANG_WARN_OBJC_LITERAL_CONVERSION = YES;
				CLANG_WARN_OBJC_ROOT_CLASS = YES_ERROR;
				CLANG_WARN_QUOTED_INCLUDE_IN_FRAMEWORK_HEADER = YES;
				CLANG_WARN_RANGE_LOOP_ANALYSIS = YES;
				CLANG_WARN_STRICT_PROTOTYPES = YES;
				CLANG_WARN_SUSPICIOUS_MOVE = YES;
				CLANG_WARN_UNGUARDED_AVAILABILITY = YES_AGGRESSIVE;
				CLANG_WARN_UNREACHABLE_CODE = YES;
				CLANG_WARN__DUPLICATE_METHOD_MATCH = YES;
				COPY_PHASE_STRIP = NO;
				DEBUG_INFORMATION_FORMAT = "dwarf-with-dsym";
				ENABLE_NS_ASSERTIONS = NO;
				ENABLE_STRICT_OBJC_MSGSEND = YES;
				GCC_C_LANGUAGE_STANDARD = gnu11;
				GCC_NO_COMMON_BLOCKS = YES;
				GCC_WARN_64_TO_32_BIT_CONVERSION = YES;
				GCC_WARN_ABOUT_RETURN_TYPE = YES_ERROR;
				GCC_WARN_UNDECLARED_SELECTOR = YES;
				GCC_WARN_UNINITIALIZED_AUTOS = YES_AGGRESSIVE;
				GCC_WARN_UNUSED_FUNCTION = YES;
				GCC_WARN_UNUSED_VARIABLE = YES;
				IPHONEOS_DEPLOYMENT_TARGET = 14.4;
				MTL_ENABLE_DEBUG_INFO = NO;
				MTL_FAST_MATH = YES;
				SDKROOT = iphoneos;
				SWIFT_COMPILATION_MODE = wholemodule;
				SWIFT_OPTIMIZATION_LEVEL = "-O";
				VALIDATE_PRODUCT = YES;
			};
			name = Release;
		};
		AE10730527031EC60083C4F1 /* Debug */ = {
			isa = XCBuildConfiguration;
			baseConfigurationReference = 0ACBF2328D1B9902A2CCAE7E /* Pods-KCBannerDemo.debug.xcconfig */;
			buildSettings = {
				ASSETCATALOG_COMPILER_APPICON_NAME = AppIcon;
				ASSETCATALOG_COMPILER_GLOBAL_ACCENT_COLOR_NAME = AccentColor;
				CODE_SIGN_STYLE = Automatic;
				DEVELOPMENT_TEAM = 3NV79J62JR;
				INFOPLIST_FILE = KCBannerDemo/Info.plist;
				LD_RUNPATH_SEARCH_PATHS = (
					"$(inherited)",
					"@executable_path/Frameworks",
				);
				PRODUCT_BUNDLE_IDENTIFIER = "-23.KCBannerDemo";
				PRODUCT_NAME = "$(TARGET_NAME)";
				SWIFT_VERSION = 5.0;
				TARGETED_DEVICE_FAMILY = "1,2";
			};
			name = Debug;
		};
		AE10730627031EC60083C4F1 /* Release */ = {
			isa = XCBuildConfiguration;
			baseConfigurationReference = 4F7C532B0EB507E2B7FA9EF3 /* Pods-KCBannerDemo.release.xcconfig */;
			buildSettings = {
				ASSETCATALOG_COMPILER_APPICON_NAME = AppIcon;
				ASSETCATALOG_COMPILER_GLOBAL_ACCENT_COLOR_NAME = AccentColor;
				CODE_SIGN_STYLE = Automatic;
				DEVELOPMENT_TEAM = 3NV79J62JR;
				INFOPLIST_FILE = KCBannerDemo/Info.plist;
				LD_RUNPATH_SEARCH_PATHS = (
					"$(inherited)",
					"@executable_path/Frameworks",
				);
				PRODUCT_BUNDLE_IDENTIFIER = "-23.KCBannerDemo";
				PRODUCT_NAME = "$(TARGET_NAME)";
				SWIFT_VERSION = 5.0;
				TARGETED_DEVICE_FAMILY = "1,2";
			};
			name = Release;
		};
		AE10730827031EC60083C4F1 /* Debug */ = {
			isa = XCBuildConfiguration;
			baseConfigurationReference = 3B1F6B33A158329AE7176C17 /* Pods-KCBannerDemoTests.debug.xcconfig */;
			buildSettings = {
				ALWAYS_EMBED_SWIFT_STANDARD_LIBRARIES = YES;
				BUNDLE_LOADER = "$(TEST_HOST)";
				CODE_SIGN_STYLE = Automatic;
				DEVELOPMENT_TEAM = 3NV79J62JR;
				INFOPLIST_FILE = KCBannerDemoTests/Info.plist;
				IPHONEOS_DEPLOYMENT_TARGET = 14.4;
				LD_RUNPATH_SEARCH_PATHS = (
					"$(inherited)",
					"@executable_path/Frameworks",
					"@loader_path/Frameworks",
				);
				PRODUCT_BUNDLE_IDENTIFIER = "-23.KCBannerDemoTests";
				PRODUCT_NAME = "$(TARGET_NAME)";
				SWIFT_VERSION = 5.0;
				TARGETED_DEVICE_FAMILY = "1,2";
				TEST_HOST = "$(BUILT_PRODUCTS_DIR)/KCBannerDemo.app/KCBannerDemo";
			};
			name = Debug;
		};
		AE10730927031EC60083C4F1 /* Release */ = {
			isa = XCBuildConfiguration;
			baseConfigurationReference = 669AB41A9C1DA09C53C5C3E3 /* Pods-KCBannerDemoTests.release.xcconfig */;
			buildSettings = {
				ALWAYS_EMBED_SWIFT_STANDARD_LIBRARIES = YES;
				BUNDLE_LOADER = "$(TEST_HOST)";
				CODE_SIGN_STYLE = Automatic;
				DEVELOPMENT_TEAM = 3NV79J62JR;
				INFOPLIST_FILE = KCBannerDemoTests/Info.plist;
				IPHONEOS_DEPLOYMENT_TARGET = 14.4;
				LD_RUNPATH_SEARCH_PATHS = (
					"$(inherited)",
					"@executable_path/Frameworks",
					"@loader_path/Frameworks",
				);
				PRODUCT_BUNDLE_IDENTIFIER = "-23.KCBannerDemoTests";
				PRODUCT_NAME = "$(TARGET_NAME)";
				SWIFT_VERSION = 5.0;
				TARGETED_DEVICE_FAMILY = "1,2";
				TEST_HOST = "$(BUILT_PRODUCTS_DIR)/KCBannerDemo.app/KCBannerDemo";
			};
			name = Release;
		};
		AE10730B27031EC60083C4F1 /* Debug */ = {
			isa = XCBuildConfiguration;
			baseConfigurationReference = CFEA9BA46B6DD900638417F1 /* Pods-KCBannerDemo-KCBannerDemoUITests.debug.xcconfig */;
			buildSettings = {
				ALWAYS_EMBED_SWIFT_STANDARD_LIBRARIES = YES;
				CODE_SIGN_STYLE = Automatic;
				DEVELOPMENT_TEAM = 3NV79J62JR;
				INFOPLIST_FILE = KCBannerDemoUITests/Info.plist;
				LD_RUNPATH_SEARCH_PATHS = (
					"$(inherited)",
					"@executable_path/Frameworks",
					"@loader_path/Frameworks",
				);
				PRODUCT_BUNDLE_IDENTIFIER = "-23.KCBannerDemoUITests";
				PRODUCT_NAME = "$(TARGET_NAME)";
				SWIFT_VERSION = 5.0;
				TARGETED_DEVICE_FAMILY = "1,2";
				TEST_TARGET_NAME = KCBannerDemo;
			};
			name = Debug;
		};
		AE10730C27031EC60083C4F1 /* Release */ = {
			isa = XCBuildConfiguration;
			baseConfigurationReference = DEC6BB858D94A6E816E2862B /* Pods-KCBannerDemo-KCBannerDemoUITests.release.xcconfig */;
			buildSettings = {
				ALWAYS_EMBED_SWIFT_STANDARD_LIBRARIES = YES;
				CODE_SIGN_STYLE = Automatic;
				DEVELOPMENT_TEAM = 3NV79J62JR;
				INFOPLIST_FILE = KCBannerDemoUITests/Info.plist;
				LD_RUNPATH_SEARCH_PATHS = (
					"$(inherited)",
					"@executable_path/Frameworks",
					"@loader_path/Frameworks",
				);
				PRODUCT_BUNDLE_IDENTIFIER = "-23.KCBannerDemoUITests";
				PRODUCT_NAME = "$(TARGET_NAME)";
				SWIFT_VERSION = 5.0;
				TARGETED_DEVICE_FAMILY = "1,2";
				TEST_TARGET_NAME = KCBannerDemo;
			};
			name = Release;
		};
/* End XCBuildConfiguration section */

/* Begin XCConfigurationList section */
		AE1072D527031EC00083C4F1 /* Build configuration list for PBXProject "KCBannerDemo" */ = {
			isa = XCConfigurationList;
			buildConfigurations = (
				AE10730227031EC60083C4F1 /* Debug */,
				AE10730327031EC60083C4F1 /* Release */,
			);
			defaultConfigurationIsVisible = 0;
			defaultConfigurationName = Release;
		};
		AE10730427031EC60083C4F1 /* Build configuration list for PBXNativeTarget "KCBannerDemo" */ = {
			isa = XCConfigurationList;
			buildConfigurations = (
				AE10730527031EC60083C4F1 /* Debug */,
				AE10730627031EC60083C4F1 /* Release */,
			);
			defaultConfigurationIsVisible = 0;
			defaultConfigurationName = Release;
		};
		AE10730727031EC60083C4F1 /* Build configuration list for PBXNativeTarget "KCBannerDemoTests" */ = {
			isa = XCConfigurationList;
			buildConfigurations = (
				AE10730827031EC60083C4F1 /* Debug */,
				AE10730927031EC60083C4F1 /* Release */,
			);
			defaultConfigurationIsVisible = 0;
			defaultConfigurationName = Release;
		};
		AE10730A27031EC60083C4F1 /* Build configuration list for PBXNativeTarget "KCBannerDemoUITests" */ = {
			isa = XCConfigurationList;
			buildConfigurations = (
				AE10730B27031EC60083C4F1 /* Debug */,
				AE10730C27031EC60083C4F1 /* Release */,
			);
			defaultConfigurationIsVisible = 0;
			defaultConfigurationName = Release;
		};
/* End XCConfigurationList section */
	};
	rootObject = AE1072D227031EC00083C4F1 /* Project object */;
}
